
Microsoft Visual Studio Solution File, Format Version 12.00
# Visual Studio Version 17
VisualStudioVersion = 17.3.32929.385
MinimumVisualStudioVersion = 10.0.40219.1
Project("{FAE04EC0-301F-11D3-BF4B-00C04F79EFBC}") = "DataAccessLayer", "DataAccessLayer\DataAccessLayer.csproj", "{59374CE3-94A5-460A-B07E-686543BAB850}"
EndProject
Project("{FAE04EC0-301F-11D3-BF4B-00C04F79EFBC}") = "BusinessLogicLayer", "BusinessLogicLayer\BusinessLogicLayer.csproj", "{CA8116FF-11A4-473F-93D6-CB566E8BF57B}"
EndProject
Project("{FAE04EC0-301F-11D3-BF4B-00C04F79EFBC}") = "TypeLibrary", "TypeLibrary\TypeLibrary.csproj", "{1DB9FD49-EE08-46E4-B38A-2BC39F669A6D}"
EndProject
Project("{FAE04EC0-301F-11D3-BF4B-00C04F79EFBC}") = "Store", "Store\Store.csproj", "{C76C06F0-C7AC-43D1-976E-DAEDF5CC7F7B}"
EndProject
Global
	GlobalSection(SolutionConfigurationPlatforms) = preSolution
		Debug|Any CPU = Debug|Any CPU
		Release|Any CPU = Release|Any CPU
	EndGlobalSection
	GlobalSection(ProjectConfigurationPlatforms) = postSolution
		{59374CE3-94A5-460A-B07E-686543BAB850}.Debug|Any CPU.ActiveCfg = Debug|Any CPU
		{59374CE3-94A5-460A-B07E-686543BAB850}.Debug|Any CPU.Build.0 = Debug|Any CPU
		{59374CE3-94A5-460A-B07E-686543BAB850}.Release|Any CPU.ActiveCfg = Release|Any CPU
		{59374CE3-94A5-460A-B07E-686543BAB850}.Release|Any CPU.Build.0 = Release|Any CPU
		{CA8116FF-11A4-473F-93D6-CB566E8BF57B}.Debug|Any CPU.ActiveCfg = Debug|Any CPU
		{CA8116FF-11A4-473F-93D6-CB566E8BF57B}.Debug|Any CPU.Build.0 = Debug|Any CPU
		{CA8116FF-11A4-473F-93D6-CB566E8BF57B}.Release|Any CPU.ActiveCfg = Release|Any CPU
		{CA8116FF-11A4-473F-93D6-CB566E8BF57B}.Release|Any CPU.Build.0 = Release|Any CPU
		{1DB9FD49-EE08-46E4-B38A-2BC39F669A6D}.Debug|Any CPU.ActiveCfg = Debug|Any CPU
		{1DB9FD49-EE08-46E4-B38A-2BC39F669A6D}.Debug|Any CPU.Build.0 = Debug|Any CPU
		{1DB9FD49-EE08-46E4-B38A-2BC39F669A6D}.Release|Any CPU.ActiveCfg = Release|Any CPU
		{1DB9FD49-EE08-46E4-B38A-2BC39F669A6D}.Release|Any CPU.Build.0 = Release|Any CPU
		{C76C06F0-C7AC-43D1-976E-DAEDF5CC7F7B}.Debug|Any CPU.ActiveCfg = Debug|Any CPU
		{C76C06F0-C7AC-43D1-976E-DAEDF5CC7F7B}.Debug|Any CPU.Build.0 = Debug|Any CPU
		{C76C06F0-C7AC-43D1-976E-DAEDF5CC7F7B}.Release|Any CPU.ActiveCfg = Release|Any CPU
		{C76C06F0-C7AC-43D1-976E-DAEDF5CC7F7B}.Release|Any CPU.Build.0 = Release|Any CPU
	EndGlobalSection
	GlobalSection(SolutionProperties) = preSolution
		HideSolutionNode = FALSE
	EndGlobalSection
	GlobalSection(ExtensibilityGlobals) = postSolution
		SolutionGuid = {CBC3667A-61EE-4B58-B90B-9C5597AB73B4}
	EndGlobalSection
EndGlobal
